{
  "name": "duda-test-widgets",
  "version": "1.0.0",
  "lockfileVersion": 3,
  "requires": true,
  "packages": {
    "": {
      "name": "duda-test-widgets",
      "version": "1.0.0",
      "license": "ISC",
      "dependencies": {
        "@dudadev/partner-api": "^3.1.1",
        "jquery": "^3.6.0"
      }
    },
    "node_modules/@dudadev/partner-api": {
      "version": "3.1.1",
      "resolved": "https://registry.npmjs.org/@dudadev/partner-api/-/partner-api-3.1.1.tgz",
      "integrity": "sha512-YtzxO8rQLrZbMhVxH4B/oSBJYss3AB3L4n9hIUBQIlz5YTejx3sWjsmGU8hKXVTrBtODYsxpTqwm2JOgGZD1Yg==",
      "dependencies": {
        "ejmorgan-retry": "^1.0.6",
        "uuid": "^8.3.2"
      }
    },
    "node_modules/dotenv": {
      "version": "10.0.0",
      "resolved": "https://registry.npmjs.org/dotenv/-/dotenv-10.0.0.tgz",
      "integrity": "sha512-rlBi9d8jpv9Sf1klPjNfFAuWDjKLwTIJJ/VxtoTwIR6hnZxcEOQCZg2oIL3MWBYw5GpUDKOEnND7LXTbIpQ03Q==",
      "engines": {
        "node": ">=10"
      }
    },
    "node_modules/ejmorgan-retry": {
      "version": "1.0.6",
      "resolved": "https://registry.npmjs.org/ejmorgan-retry/-/ejmorgan-retry-1.0.6.tgz",
      "integrity": "sha512-rETZQMyKqiYiDgyBi21SkI95wFvEOSGdeKAwSNCBzuttFQEt8fnHI9FR/VKfmjMIy9QztKxp12ZKfFF3djHdOw==",
      "dependencies": {
        "dotenv": "^10.0.0",
        "uuid": "^8.3.2"
      }
    },
    "node_modules/jquery": {
      "version": "3.7.1",
      "resolved": "https://registry.npmjs.org/jquery/-/jquery-3.7.1.tgz",
      "integrity": "sha512-m4avr8yL8kmFN8psrbFFFmB/If14iN5o9nw/NgnnM+kybDJpRsAynV2BsfpTYrTRysYUdADVD7CkUUizgkpLfg=="
    },
    "node_modules/uuid": {
      "version": "8.3.2",
      "resolved": "https://registry.npmjs.org/uuid/-/uuid-8.3.2.tgz",
      "integrity": "sha512-+NYs2QeMWy+GWFOEm9xnn6HCDp0l7QBD7ml8zLUmJ+93Q5NF0NocErnwkTkXVFNiX3/fpC6afS8Dhb/gz7R7eg==",
      "bin": {
        "uuid": "dist/bin/uuid"
      }
    }
  }
}
